{
    "_readme": [
        "This file locks the dependencies of your project to a known state",
        "Read more about it at https://getcomposer.org/doc/01-basic-usage.md#installing-dependencies",
        "This file is @generated automatically"
    ],
    "content-hash": "d7f998e1e2a1b04417d08799544e730d",
    "packages": [
        {
            "name": "devfaixapreta/pekascss",
            "version": "0.1.0",
            "source": {
                "type": "git",
                "url": "https://github.com/devfaixapreta/pekascss",
                "reference": "fed913c24cbaed59611c60adef9bd9691c0bed21"
            },
            "type": "library",
            "autoload": {
                "psr-4": {
                    "Devfaixapreta\\Pekascss\\": "src/"
                }
            },
            "license": [
                "MIT"
            ],
            "authors": [
                {
                    "name": "Dev Faixa Preta",
                    "email": "devfaixapreta@gmail.com"
                }
            ],
            "time": "2021-11-05T05:38:40+00:00"
        }
    ],
    "packages-dev": [],
    "aliases": [],
    "minimum-stability": "stable",
    "stability-flags": [],
    "prefer-stable": false,
    "prefer-lowest": false,
    "platform": [],
    "platform-dev": [],
    "plugin-api-version": "2.1.0"
}
